# This file is automatically @generated by Cargo.
# It is not intended for manual editing.
version = 4

[[package]]
name = "board"
version = "0.1.0"
dependencies = [
 "handies",
 "moves",
]

[[package]]
name = "handies"
version = "0.1.0"

[[package]]
name = "moves"
version = "0.1.0"
dependencies = [
 "handies",
]
