# This file is automatically @generated by Cargo.
# It is not intended for manual editing.
version = 4

[[package]]
name = "oops_mate"
version = "0.1.0"
dependencies = [
 "strikes",
 "utilities",
]

[[package]]
name = "strikes"
version = "0.1.0"
dependencies = [
 "utilities",
]

[[package]]
name = "utilities"
version = "0.1.0"
