# This file is automatically @generated by Cargo.
# It is not intended for manual editing.
version = 4

[[package]]
name = "nnuebie"
version = "0.1.0"

[[package]]
name = "nnuebie_v2"
version = "0.1.0"
dependencies = [
 "oops_mate",
]

[[package]]
name = "oops_mate"
version = "0.1.0"
dependencies = [
 "nnuebie",
 "strikes",
 "utilities",
]

[[package]]
name = "strikes"
version = "0.1.0"

[[package]]
name = "utilities"
version = "0.1.0"
